Microsoft Visual Studio Solution File, Format Version 12.00
# Visual Studio Version 17
VisualStudioVersion = 17.0.31903.59
MinimumVisualStudioVersion = 10.0.40219.1
Project("{FAE04EC0-301F-11D3-BF4B-00C04F79EFBC}") = "EntityEspActPlugin.Core", "src\EntityEspActPlugin.Core\EntityEspActPlugin.Core.csproj", "{5B5EE7C6-E718-4E03-A77B-25C96F5CA6EA}"
EndProject
Project("{FAE04EC0-301F-11D3-BF4B-00C04F79EFBC}") = "EntityEspActPlugin.Act", "src\EntityEspActPlugin.Act\EntityEspActPlugin.Act.csproj", "{B1D530D3-D2F9-40AF-A950-2D5F29E8C0D3}"
EndProject
Project("{FAE04EC0-301F-11D3-BF4B-00C04F79EFBC}") = "EntityEspActPlugin.Tests", "tests\EntityEspActPlugin.Tests\EntityEspActPlugin.Tests.csproj", "{51B6F84A-CA34-4FEC-B3C6-32C9EA428D53}"
EndProject
Project("{2150E333-8FDC-42A3-9474-1A3956D46DE8}") = "tools", "tools", "{C7393233-DEA1-40D8-B2D1-3E3A25D92C64}"
EndProject
Project("{FAE04EC0-301F-11D3-BF4B-00C04F79EFBC}") = "EntityEspProbe", "tools\EntityEspProbe\EntityEspProbe.csproj", "{C28939A3-5082-425D-AC96-14DEC970BD7B}"
EndProject
Global
	GlobalSection(SolutionConfigurationPlatforms) = preSolution
		Debug|Any CPU = Debug|Any CPU
		Release|Any CPU = Release|Any CPU
	EndGlobalSection
	GlobalSection(ProjectConfigurationPlatforms) = postSolution
		{5B5EE7C6-E718-4E03-A77B-25C96F5CA6EA}.Debug|Any CPU.ActiveCfg = Debug|Any CPU
		{5B5EE7C6-E718-4E03-A77B-25C96F5CA6EA}.Debug|Any CPU.Build.0 = Debug|Any CPU
		{5B5EE7C6-E718-4E03-A77B-25C96F5CA6EA}.Release|Any CPU.ActiveCfg = Release|Any CPU
		{5B5EE7C6-E718-4E03-A77B-25C96F5CA6EA}.Release|Any CPU.Build.0 = Release|Any CPU
		{B1D530D3-D2F9-40AF-A950-2D5F29E8C0D3}.Debug|Any CPU.ActiveCfg = Debug|Any CPU
		{B1D530D3-D2F9-40AF-A950-2D5F29E8C0D3}.Debug|Any CPU.Build.0 = Debug|Any CPU
		{B1D530D3-D2F9-40AF-A950-2D5F29E8C0D3}.Release|Any CPU.ActiveCfg = Release|Any CPU
		{B1D530D3-D2F9-40AF-A950-2D5F29E8C0D3}.Release|Any CPU.Build.0 = Release|Any CPU
		{51B6F84A-CA34-4FEC-B3C6-32C9EA428D53}.Debug|Any CPU.ActiveCfg = Debug|Any CPU
		{51B6F84A-CA34-4FEC-B3C6-32C9EA428D53}.Debug|Any CPU.Build.0 = Debug|Any CPU
		{51B6F84A-CA34-4FEC-B3C6-32C9EA428D53}.Release|Any CPU.ActiveCfg = Release|Any CPU
		{51B6F84A-CA34-4FEC-B3C6-32C9EA428D53}.Release|Any CPU.Build.0 = Release|Any CPU
		{C28939A3-5082-425D-AC96-14DEC970BD7B}.Debug|Any CPU.ActiveCfg = Debug|Any CPU
		{C28939A3-5082-425D-AC96-14DEC970BD7B}.Debug|Any CPU.Build.0 = Debug|Any CPU
		{C28939A3-5082-425D-AC96-14DEC970BD7B}.Release|Any CPU.ActiveCfg = Release|Any CPU
		{C28939A3-5082-425D-AC96-14DEC970BD7B}.Release|Any CPU.Build.0 = Release|Any CPU
	EndGlobalSection
	GlobalSection(NestedProjects) = preSolution
		{C28939A3-5082-425D-AC96-14DEC970BD7B} = {C7393233-DEA1-40D8-B2D1-3E3A25D92C64}
	EndGlobalSection
EndGlobal
